// !$*UTF8*$!
{
	archiveVersion = 1;
	classes = {
	};
	objectVersion = 46;
	objects = {

/* Begin PBXBuildFile section */
		BBA4EE4C1AEA715B0020BEB6 /* main.m in Sources */ = {isa = PBXBuildFile; fileRef = BBA4EE4B1AEA715B0020BEB6 /* main.m */; };
		BBA4EE4F1AEA715B0020BEB6 /* AppDelegate.m in Sources */ = {isa = PBXBuildFile; fileRef = BBA4EE4E1AEA715B0020BEB6 /* AppDelegate.m */; };
		BBA4EE521AEA715B0020BEB6 /* ViewController.m in Sources */ = {isa = PBXBuildFile; fileRef = BBA4EE511AEA715B0020BEB6 /* ViewController.m */; };
		BBA4EE551AEA715B0020BEB6 /* Main.storyboard in Resources */ = {isa = PBXBuildFile; fileRef = BBA4EE531AEA715B0020BEB6 /* Main.storyboard */; };
		BBA4EE571AEA715B0020BEB6 /* Images.xcassets in Resources */ = {isa = PBXBuildFile; fileRef = BBA4EE561AEA715B0020BEB6 /* Images.xcassets */; };
		BBA4EE5A1AEA715B0020BEB6 /* LaunchScreen.xib in Resources */ = {isa = PBXBuildFile; fileRef = BBA4EE581AEA715B0020BEB6 /* LaunchScreen.xib */; };
		BBA4EE661AEA715C0020BEB6 /* MOFATests.m in Sources */ = {isa = PBXBuildFile; fileRef = BBA4EE651AEA715C0020BEB6 /* MOFATests.m */; };
/* End PBXBuildFile section */

/* Begin PBXContainerItemProxy section */
		BBA4EE601AEA715C0020BEB6 /* PBXContainerItemProxy */ = {
			isa = PBXContainerItemProxy;
			containerPortal = BBA4EE3E1AEA715B0020BEB6 /* Project object */;
			proxyType = 1;
			remoteGlobalIDString = BBA4EE451AEA715B0020BEB6;
			remoteInfo = MOFA;
		};
/* End PBXContainerItemProxy section */

/* Begin PBXFileReference section */
		BBA4EE461AEA715B0020BEB6 /* MOFA.app */ = {isa = PBXFileReference; explicitFileType = wrapper.application; includeInIndex = 0; path = MOFA.app; sourceTree = BUILT_PRODUCTS_DIR; };
		BBA4EE4A1AEA715B0020BEB6 /* Info.plist */ = {isa = PBXFileReference; lastKnownFileType = text.plist.xml; path = Info.plist; sourceTree = "<group>"; };
		BBA4EE4B1AEA715B0020BEB6 /* main.m */ = {isa = PBXFileReference; lastKnownFileType = sourcecode.c.objc; path = main.m; sourceTree = "<group>"; };
		BBA4EE4D1AEA715B0020BEB6 /* AppDelegate.h */ = {isa = PBXFileReference; lastKnownFileType = sourcecode.c.h; path = AppDelegate.h; sourceTree = "<group>"; };
		BBA4EE4E1AEA715B0020BEB6 /* AppDelegate.m */ = {isa = PBXFileReference; lastKnownFileType = sourcecode.c.objc; path = AppDelegate.m; sourceTree = "<group>"; };
		BBA4EE501AEA715B0020BEB6 /* ViewController.h */ = {isa = PBXFileReference; lastKnownFileType = sourcecode.c.h; path = ViewController.h; sourceTree = "<group>"; };
		BBA4EE511AEA715B0020BEB6 /* ViewController.m */ = {isa = PBXFileReference; lastKnownFileType = sourcecode.c.objc; path = ViewController.m; sourceTree = "<group>"; };
		BBA4EE541AEA715B0020BEB6 /* Base */ = {isa = PBXFileReference; lastKnownFileType = file.storyboard; name = Base; path = Base.lproj/Main.storyboard; sourceTree = "<group>"; };
		BBA4EE561AEA715B0020BEB6 /* Images.xcassets */ = {isa = PBXFileReference; lastKnownFileType = folder.assetcatalog; path = Images.xcassets; sourceTree = "<group>"; };
		BBA4EE591AEA715B0020BEB6 /* Base */ = {isa = PBXFileReference; lastKnownFileType = file.xib; name = Base; path = Base.lproj/LaunchScreen.xib; sourceTree = "<group>"; };
		BBA4EE5F1AEA715C0020BEB6 /* MOFATests.xctest */ = {isa = PBXFileReference; explicitFileType = wrapper.cfbundle; includeInIndex = 0; path = MOFATests.xctest; sourceTree = BUILT_PRODUCTS_DIR; };
		BBA4EE641AEA715C0020BEB6 /* Info.plist */ = {isa = PBXFileReference; lastKnownFileType = text.plist.xml; path = Info.plist; sourceTree = "<group>"; };
		BBA4EE651AEA715C0020BEB6 /* MOFATests.m */ = {isa = PBXFileReference; lastKnownFileType = sourcecode.c.objc; path = MOFATests.m; sourceTree = "<group>"; };
/* End PBXFileReference section */

/* Begin PBXFrameworksBuildPhase section */
		BBA4EE431AEA715B0020BEB6 /* Frameworks */ = {
			isa = PBXFrameworksBuildPhase;
			buildActionMask = 2147483647;
			files = (
			);
			runOnlyForDeploymentPostprocessing = 0;
		};
		BBA4EE5C1AEA715C0020BEB6 /* Frameworks */ = {
			isa = PBXFrameworksBuildPhase;
			buildActionMask = 2147483647;
			files = (
			);
			runOnlyForDeploymentPostprocessing = 0;
		};
/* End PBXFrameworksBuildPhase section */

/* Begin PBXGroup section */
		BBA4EE3D1AEA715B0020BEB6 = {
			isa = PBXGroup;
			children = (
				BBA4EE481AEA715B0020BEB6 /* MOFA */,
				BBA4EE621AEA715C0020BEB6 /* MOFATests */,
				BBA4EE471AEA715B0020BEB6 /* Products */,
			);
			sourceTree = "<group>";
		};
		BBA4EE471AEA715B0020BEB6 /* Products */ = {
			isa = PBXGroup;
			children = (
				BBA4EE461AEA715B0020BEB6 /* MOFA.app */,
				BBA4EE5F1AEA715C0020BEB6 /* MOFATests.xctest */,
			);
			name = Products;
			sourceTree = "<group>";
		};
		BBA4EE481AEA715B0020BEB6 /* MOFA */ = {
			isa = PBXGroup;
			children = (
				BBA4EE4D1AEA715B0020BEB6 /* AppDelegate.h */,
				BBA4EE4E1AEA715B0020BEB6 /* AppDelegate.m */,
				BBA4EE501AEA715B0020BEB6 /* ViewController.h */,
				BBA4EE511AEA715B0020BEB6 /* ViewController.m */,
				BBA4EE531AEA715B0020BEB6 /* Main.storyboard */,
				BBA4EE561AEA715B0020BEB6 /* Images.xcassets */,
				BBA4EE581AEA715B0020BEB6 /* LaunchScreen.xib */,
				BBA4EE491AEA715B0020BEB6 /* Supporting Files */,
			);
			path = MOFA;
			sourceTree = "<group>";
		};
		BBA4EE491AEA715B0020BEB6 /* Supporting Files */ = {
			isa = PBXGroup;
			children = (
				BBA4EE4A1AEA715B0020BEB6 /* Info.plist */,
				BBA4EE4B1AEA715B0020BEB6 /* main.m */,
			);
			name = "Supporting Files";
			sourceTree = "<group>";
		};
		BBA4EE621AEA715C0020BEB6 /* MOFATests */ = {
			isa = PBXGroup;
			children = (
				BBA4EE651AEA715C0020BEB6 /* MOFATests.m */,
				BBA4EE631AEA715C0020BEB6 /* Supporting Files */,
			);
			path = MOFATests;
			sourceTree = "<group>";
		};
		BBA4EE631AEA715C0020BEB6 /* Supporting Files */ = {
			isa = PBXGroup;
			children = (
				BBA4EE641AEA715C0020BEB6 /* Info.plist */,
			);
			name = "Supporting Files";
			sourceTree = "<group>";
		};
/* End PBXGroup section */

/* Begin PBXNativeTarget section */
		BBA4EE451AEA715B0020BEB6 /* MOFA */ = {
			isa = PBXNativeTarget;
			buildConfigurationList = BBA4EE691AEA715C0020BEB6 /* Build configuration list for PBXNativeTarget "MOFA" */;
			buildPhases = (
				BBA4EE421AEA715B0020BEB6 /* Sources */,
				BBA4EE431AEA715B0020BEB6 /* Frameworks */,
				BBA4EE441AEA715B0020BEB6 /* Resources */,
			);
			buildRules = (
			);
			dependencies = (
			);
			name = MOFA;
			productName = MOFA;
			productReference = BBA4EE461AEA715B0020BEB6 /* MOFA.app */;
			productType = "com.apple.product-type.application";
		};
		BBA4EE5E1AEA715C0020BEB6 /* MOFATests */ = {
			isa = PBXNativeTarget;
			buildConfigurationList = BBA4EE6C1AEA715C0020BEB6 /* Build configuration list for PBXNativeTarget "MOFATests" */;
			buildPhases = (
				BBA4EE5B1AEA715C0020BEB6 /* Sources */,
				BBA4EE5C1AEA715C0020BEB6 /* Frameworks */,
				BBA4EE5D1AEA715C0020BEB6 /* Resources */,
			);
			buildRules = (
			);
			dependencies = (
				BBA4EE611AEA715C0020BEB6 /* PBXTargetDependency */,
			);
			name = MOFATests;
			productName = MOFATests;
			productReference = BBA4EE5F1AEA715C0020BEB6 /* MOFATests.xctest */;
			productType = "com.apple.product-type.bundle.unit-test";
		};
/* End PBXNativeTarget section */

/* Begin PBXProject section */
		BBA4EE3E1AEA715B0020BEB6 /* Project object */ = {
			isa = PBXProject;
			attributes = {
				LastUpgradeCheck = 0630;
				ORGANIZATIONNAME = hustunique;
				TargetAttributes = {
					BBA4EE451AEA715B0020BEB6 = {
						CreatedOnToolsVersion = 6.3;
					};
					BBA4EE5E1AEA715C0020BEB6 = {
						CreatedOnToolsVersion = 6.3;
						TestTargetID = BBA4EE451AEA715B0020BEB6;
					};
				};
			};
			buildConfigurationList = BBA4EE411AEA715B0020BEB6 /* Build configuration list for PBXProject "MOFA" */;
			compatibilityVersion = "Xcode 3.2";
			developmentRegion = English;
			hasScannedForEncodings = 0;
			knownRegions = (
				en,
				Base,
			);
			mainGroup = BBA4EE3D1AEA715B0020BEB6;
			productRefGroup = BBA4EE471AEA715B0020BEB6 /* Products */;
			projectDirPath = "";
			projectRoot = "";
			targets = (
				BBA4EE451AEA715B0020BEB6 /* MOFA */,
				BBA4EE5E1AEA715C0020BEB6 /* MOFATests */,
			);
		};
/* End PBXProject section */

/* Begin PBXResourcesBuildPhase section */
		BBA4EE441AEA715B0020BEB6 /* Resources */ = {
			isa = PBXResourcesBuildPhase;
			buildActionMask = 2147483647;
			files = (
				BBA4EE551AEA715B0020BEB6 /* Main.storyboard in Resources */,
				BBA4EE5A1AEA715B0020BEB6 /* LaunchScreen.xib in Resources */,
				BBA4EE571AEA715B0020BEB6 /* Images.xcassets in Resources */,
			);
			runOnlyForDeploymentPostprocessing = 0;
		};
		BBA4EE5D1AEA715C0020BEB6 /* Resources */ = {
			isa = PBXResourcesBuildPhase;
			buildActionMask = 2147483647;
			files = (
			);
			runOnlyForDeploymentPostprocessing = 0;
		};
/* End PBXResourcesBuildPhase section */

/* Begin PBXSourcesBuildPhase section */
		BBA4EE421AEA715B0020BEB6 /* Sources */ = {
			isa = PBXSourcesBuildPhase;
			buildActionMask = 2147483647;
			files = (
				BBA4EE521AEA715B0020BEB6 /* ViewController.m in Sources */,
				BBA4EE4F1AEA715B0020BEB6 /* AppDelegate.m in Sources */,
				BBA4EE4C1AEA715B0020BEB6 /* main.m in Sources */,
			);
			runOnlyForDeploymentPostprocessing = 0;
		};
		BBA4EE5B1AEA715C0020BEB6 /* Sources */ = {
			isa = PBXSourcesBuildPhase;
			buildActionMask = 2147483647;
			files = (
				BBA4EE661AEA715C0020BEB6 /* MOFATests.m in Sources */,
			);
			runOnlyForDeploymentPostprocessing = 0;
		};
/* End PBXSourcesBuildPhase section */

/* Begin PBXTargetDependency section */
		BBA4EE611AEA715C0020BEB6 /* PBXTargetDependency */ = {
			isa = PBXTargetDependency;
			target = BBA4EE451AEA715B0020BEB6 /* MOFA */;
			targetProxy = BBA4EE601AEA715C0020BEB6 /* PBXContainerItemProxy */;
		};
/* End PBXTargetDependency section */

/* Begin PBXVariantGroup section */
		BBA4EE531AEA715B0020BEB6 /* Main.storyboard */ = {
			isa = PBXVariantGroup;
			children = (
				BBA4EE541AEA715B0020BEB6 /* Base */,
			);
			name = Main.storyboard;
			sourceTree = "<group>";
		};
		BBA4EE581AEA715B0020BEB6 /* LaunchScreen.xib */ = {
			isa = PBXVariantGroup;
			children = (
				BBA4EE591AEA715B0020BEB6 /* Base */,
			);
			name = LaunchScreen.xib;
			sourceTree = "<group>";
		};
/* End PBXVariantGroup section */

/* Begin XCBuildConfiguration section */
		BBA4EE671AEA715C0020BEB6 /* Debug */ = {
			isa = XCBuildConfiguration;
			buildSettings = {
				ALWAYS_SEARCH_USER_PATHS = NO;
				CLANG_CXX_LANGUAGE_STANDARD = "gnu++0x";
				CLANG_CXX_LIBRARY = "libc++";
				CLANG_ENABLE_MODULES = YES;
				CLANG_ENABLE_OBJC_ARC = YES;
				CLANG_WARN_BOOL_CONVERSION = YES;
				CLANG_WARN_CONSTANT_CONVERSION = YES;
				CLANG_WARN_DIRECT_OBJC_ISA_USAGE = YES_ERROR;
				CLANG_WARN_EMPTY_BODY = YES;
				CLANG_WARN_ENUM_CONVERSION = YES;
				CLANG_WARN_INT_CONVERSION = YES;
				CLANG_WARN_OBJC_ROOT_CLASS = YES_ERROR;
				CLANG_WARN_UNREACHABLE_CODE = YES;
				CLANG_WARN__DUPLICATE_METHOD_MATCH = YES;
				"CODE_SIGN_IDENTITY[sdk=iphoneos*]" = "iPhone Developer";
				COPY_PHASE_STRIP = NO;
				DEBUG_INFORMATION_FORMAT = "dwarf-with-dsym";
				ENABLE_STRICT_OBJC_MSGSEND = YES;
				GCC_C_LANGUAGE_STANDARD = gnu99;
				GCC_DYNAMIC_NO_PIC = NO;
				GCC_NO_COMMON_BLOCKS = YES;
				GCC_OPTIMIZATION_LEVEL = 0;
				GCC_PREPROCESSOR_DEFINITIONS = (
					"DEBUG=1",
					"$(inherited)",
				);
				GCC_SYMBOLS_PRIVATE_EXTERN = NO;
				GCC_WARN_64_TO_32_BIT_CONVERSION = YES;
				GCC_WARN_ABOUT_RETURN_TYPE = YES_ERROR;
				GCC_WARN_UNDECLARED_SELECTOR = YES;
				GCC_WARN_UNINITIALIZED_AUTOS = YES_AGGRESSIVE;
				GCC_WARN_UNUSED_FUNCTION = YES;
				GCC_WARN_UNUSED_VARIABLE = YES;
				IPHONEOS_DEPLOYMENT_TARGET = 8.3;
				MTL_ENABLE_DEBUG_INFO = YES;
				ONLY_ACTIVE_ARCH = YES;
				SDKROOT = iphoneos;
			};
			name = Debug;
		};
		BBA4EE681AEA715C0020BEB6 /* Release */ = {
			isa = XCBuildConfiguration;
			buildSettings = {
				ALWAYS_SEARCH_USER_PATHS = NO;
				CLANG_CXX_LANGUAGE_STANDARD = "gnu++0x";
				CLANG_CXX_LIBRARY = "libc++";
				CLANG_ENABLE_MODULES = YES;
				CLANG_ENABLE_OBJC_ARC = YES;
				CLANG_WARN_BOOL_CONVERSION = YES;
				CLANG_WARN_CONSTANT_CONVERSION = YES;
				CLANG_WARN_DIRECT_OBJC_ISA_USAGE = YES_ERROR;
				CLANG_WARN_EMPTY_BODY = YES;
				CLANG_WARN_ENUM_CONVERSION = YES;
				CLANG_WARN_INT_CONVERSION = YES;
				CLANG_WARN_OBJC_ROOT_CLASS = YES_ERROR;
				CLANG_WARN_UNREACHABLE_CODE = YES;
				CLANG_WARN__DUPLICATE_METHOD_MATCH = YES;
				"CODE_SIGN_IDENTITY[sdk=iphoneos*]" = "iPhone Developer";
				COPY_PHASE_STRIP = NO;
				DEBUG_INFORMATION_FORMAT = "dwarf-with-dsym";
				ENABLE_NS_ASSERTIONS = NO;
				ENABLE_STRICT_OBJC_MSGSEND = YES;
				GCC_C_LANGUAGE_STANDARD = gnu99;
				GCC_NO_COMMON_BLOCKS = YES;
				GCC_WARN_64_TO_32_BIT_CONVERSION = YES;
				GCC_WARN_ABOUT_RETURN_TYPE = YES_ERROR;
				GCC_WARN_UNDECLARED_SELECTOR = YES;
				GCC_WARN_UNINITIALIZED_AUTOS = YES_AGGRESSIVE;
				GCC_WARN_UNUSED_FUNCTION = YES;
				GCC_WARN_UNUSED_VARIABLE = YES;
				IPHONEOS_DEPLOYMENT_TARGET = 8.3;
				MTL_ENABLE_DEBUG_INFO = NO;
				SDKROOT = iphoneos;
				VALIDATE_PRODUCT = YES;
			};
			name = Release;
		};
		BBA4EE6A1AEA715C0020BEB6 /* Debug */ = {
			isa = XCBuildConfiguration;
			buildSettings = {
				ASSETCATALOG_COMPILER_APPICON_NAME = AppIcon;
				INFOPLIST_FILE = MOFA/Info.plist;
				LD_RUNPATH_SEARCH_PATHS = "$(inherited) @executable_path/Frameworks";
				PRODUCT_NAME = "$(TARGET_NAME)";
			};
			name = Debug;
		};
		BBA4EE6B1AEA715C0020BEB6 /* Release */ = {
			isa = XCBuildConfiguration;
			buildSettings = {
				ASSETCATALOG_COMPILER_APPICON_NAME = AppIcon;
				INFOPLIST_FILE = MOFA/Info.plist;
				LD_RUNPATH_SEARCH_PATHS = "$(inherited) @executable_path/Frameworks";
				PRODUCT_NAME = "$(TARGET_NAME)";
			};
			name = Release;
		};
		BBA4EE6D1AEA715C0020BEB6 /* Debug */ = {
			isa = XCBuildConfiguration;
			buildSettings = {
				BUNDLE_LOADER = "$(TEST_HOST)";
				FRAMEWORK_SEARCH_PATHS = (
					"$(SDKROOT)/Developer/Library/Frameworks",
					"$(inherited)",
				);
				GCC_PREPROCESSOR_DEFINITIONS = (
					"DEBUG=1",
					"$(inherited)",
				);
				INFOPLIST_FILE = MOFATests/Info.plist;
				LD_RUNPATH_SEARCH_PATHS = "$(inherited) @executable_path/Frameworks @loader_path/Frameworks";
				PRODUCT_NAME = "$(TARGET_NAME)";
				TEST_HOST = "$(BUILT_PRODUCTS_DIR)/MOFA.app/MOFA";
			};
			name = Debug;
		};
		BBA4EE6E1AEA715C0020BEB6 /* Release */ = {
			isa = XCBuildConfiguration;
			buildSettings = {
				BUNDLE_LOADER = "$(TEST_HOST)";
				FRAMEWORK_SEARCH_PATHS = (
					"$(SDKROOT)/Developer/Library/Frameworks",
					"$(inherited)",
				);
				INFOPLIST_FILE = MOFATests/Info.plist;
				LD_RUNPATH_SEARCH_PATHS = "$(inherited) @executable_path/Frameworks @loader_path/Frameworks";
				PRODUCT_NAME = "$(TARGET_NAME)";
				TEST_HOST = "$(BUILT_PRODUCTS_DIR)/MOFA.app/MOFA";
			};
			name = Release;
		};
/* End XCBuildConfiguration section */

/* Begin XCConfigurationList section */
		BBA4EE411AEA715B0020BEB6 /* Build configuration list for PBXProject "MOFA" */ = {
			isa = XCConfigurationList;
			buildConfigurations = (
				BBA4EE671AEA715C0020BEB6 /* Debug */,
				BBA4EE681AEA715C0020BEB6 /* Release */,
			);
			defaultConfigurationIsVisible = 0;
			defaultConfigurationName = Release;
		};
		BBA4EE691AEA715C0020BEB6 /* Build configuration list for PBXNativeTarget "MOFA" */ = {
			isa = XCConfigurationList;
			buildConfigurations = (
				BBA4EE6A1AEA715C0020BEB6 /* Debug */,
				BBA4EE6B1AEA715C0020BEB6 /* Release */,
			);
			defaultConfigurationIsVisible = 0;
		};
		BBA4EE6C1AEA715C0020BEB6 /* Build configuration list for PBXNativeTarget "MOFATests" */ = {
			isa = XCConfigurationList;
			buildConfigurations = (
				BBA4EE6D1AEA715C0020BEB6 /* Debug */,
				BBA4EE6E1AEA715C0020BEB6 /* Release */,
			);
			defaultConfigurationIsVisible = 0;
		};
/* End XCConfigurationList section */
	};
	rootObject = BBA4EE3E1AEA715B0020BEB6 /* Project object */;
}
